{
  "name": "handleliste",
  "version": "1.0.0",
  "lockfileVersion": 1,
  "requires": true,
  "dependencies": {
    "swagger-ui-dist": {
      "version": "3.37.0",
      "resolved": "https://registry.npmjs.org/swagger-ui-dist/-/swagger-ui-dist-3.37.0.tgz",
      "integrity": "sha512-ySYfsGTSxuyIAAynncQew9WLRsKu6bI3/tWTqcuXYSqTLCjz3ROtUbNj2zRNs7i37V8CteKE9CUMkYnNklGi2g=="
    },
    "swagger-ui-express": {
      "version": "4.1.5",
      "resolved": "https://registry.npmjs.org/swagger-ui-express/-/swagger-ui-express-4.1.5.tgz",
      "integrity": "sha512-hs9OqBu2jwmhYyFUhdTiwurvbZC+bq2XnWmmbYymVdwhgJCcGkLdnqymX24ZYUve2nkYSvKPEDCo20ZF+vyw9A==",
      "requires": {
        "swagger-ui-dist": "^3.18.1"
      }
    }
  }
}
